[[package]]
category = "main"
description = "A library for parsing ISO 8601 strings."
name = "aniso8601"
optional = false
python-versions = "*"
version = "3.0.2"

[[package]]
category = "main"
description = "Python package for providing Mozilla's CA Bundle."
name = "certifi"
optional = false
python-versions = "*"
version = "2018.11.29"

[[package]]
category = "main"
description = "Universal encoding detector for Python 2 and 3"
name = "chardet"
optional = false
python-versions = "*"
version = "3.0.4"

[[package]]
category = "main"
description = ""
name = "chatql"
optional = false
python-versions = ">=3.6,<4.0"
version = "0.1.1"

[package.dependencies]
flask = ">=1.0,<2.0"
graphene = ">=2.1,<3.0"
line-bot-sdk = ">=1.8,<2.0"
mongoengine = ">=0.16.3,<0.17.0"

[[package]]
category = "main"
description = "Composable command line interface toolkit"
name = "click"
optional = false
python-versions = ">=2.7, !=3.0.*, !=3.1.*, !=3.2.*, !=3.3.*"
version = "7.0"

[[package]]
category = "main"
description = "A simple framework for building complex web applications."
name = "flask"
optional = false
python-versions = "*"
version = "1.0.2"

[package.dependencies]
Jinja2 = ">=2.10"
Werkzeug = ">=0.14"
click = ">=5.1"
itsdangerous = ">=0.24"

[[package]]
category = "main"
description = "Clean single-source support for Python 3 and 2"
name = "future"
optional = false
python-versions = ">=2.6, !=3.0.*, !=3.1.*, !=3.2.*"
version = "0.17.1"

[[package]]
category = "main"
description = "GraphQL Framework for Python"
name = "graphene"
optional = false
python-versions = "*"
version = "2.1.3"

[package.dependencies]
aniso8601 = ">=3,<4"
graphql-core = ">=2.1,<3"
graphql-relay = ">=0.4.5,<1"
promise = ">=2.1,<3"
six = ">=1.10.0,<2"

[[package]]
category = "main"
description = "GraphQL implementation for Python"
name = "graphql-core"
optional = false
python-versions = "*"
version = "2.1"

[package.dependencies]
promise = ">=2.1"
rx = ">=1.6.0"
six = ">=1.10.0"

[[package]]
category = "main"
description = "Relay implementation for Python"
name = "graphql-relay"
optional = false
python-versions = "*"
version = "0.4.5"

[package.dependencies]
graphql-core = ">=0.5.0"
promise = ">=0.4.0"
six = ">=1.10.0"

[[package]]
category = "main"
description = "Internationalized Domain Names in Applications (IDNA)"
name = "idna"
optional = false
python-versions = ">=2.7, !=3.0.*, !=3.1.*, !=3.2.*, !=3.3.*"
version = "2.8"

[[package]]
category = "main"
description = "Various helpers to pass data to untrusted environments and back."
name = "itsdangerous"
optional = false
python-versions = ">=2.7, !=3.0.*, !=3.1.*, !=3.2.*, !=3.3.*"
version = "1.1.0"

[[package]]
category = "main"
description = "A small but fast and easy to use stand-alone template engine written in pure python."
name = "jinja2"
optional = false
python-versions = "*"
version = "2.10"

[package.dependencies]
MarkupSafe = ">=0.23"

[[package]]
category = "main"
description = "LINE Messaging API SDK for Python"
name = "line-bot-sdk"
optional = false
python-versions = "*"
version = "1.8.0"

[package.dependencies]
future = "*"
requests = ">=2.0"

[[package]]
category = "main"
description = "Safely add untrusted strings to HTML/XML markup."
name = "markupsafe"
optional = false
python-versions = ">=2.7,!=3.0.*,!=3.1.*,!=3.2.*,!=3.3.*"
version = "1.1.0"

[[package]]
category = "main"
description = "MongoEngine is a Python Object-Document Mapper for working with MongoDB."
name = "mongoengine"
optional = false
python-versions = "*"
version = "0.16.3"

[package.dependencies]
pymongo = ">=2.7.1"
six = "*"

[[package]]
category = "main"
description = "Promises/A+ implementation for Python"
name = "promise"
optional = false
python-versions = "*"
version = "2.2.1"

[package.dependencies]
six = "*"

[[package]]
category = "main"
description = "Python driver for MongoDB <http://www.mongodb.org>"
name = "pymongo"
optional = false
python-versions = "*"
version = "3.7.2"

[[package]]
category = "main"
description = "Python HTTP for Humans."
name = "requests"
optional = false
python-versions = ">=2.7, !=3.0.*, !=3.1.*, !=3.2.*, !=3.3.*"
version = "2.21.0"

[package.dependencies]
certifi = ">=2017.4.17"
chardet = ">=3.0.2,<3.1.0"
idna = ">=2.5,<2.9"
urllib3 = ">=1.21.1,<1.25"

[[package]]
category = "main"
description = "Reactive Extensions (Rx) for Python"
name = "rx"
optional = false
python-versions = "*"
version = "1.6.1"

[[package]]
category = "main"
description = "Python 2 and 3 compatibility utilities"
name = "six"
optional = false
python-versions = ">=2.6, !=3.0.*, !=3.1.*"
version = "1.12.0"

[[package]]
category = "main"
description = "HTTP library with thread-safe connection pooling, file post, and more."
name = "urllib3"
optional = false
python-versions = ">=2.7, !=3.0.*, !=3.1.*, !=3.2.*, !=3.3.*, <4"
version = "1.24.1"

[[package]]
category = "main"
description = "The comprehensive WSGI web application library."
name = "werkzeug"
optional = false
python-versions = ">=2.7, !=3.0.*, !=3.1.*, !=3.2.*, !=3.3.*"
version = "0.15.3"

[metadata]
content-hash = "83416e5cd775c4b015ea2b0bf2edb6b736f4ecc6697767d1f822e1b79f4b9419"
python-versions = "^3.6"

[metadata.hashes]
aniso8601 = ["7849749cf00ae0680ad2bdfe4419c7a662bef19c03691a19e008c8b9a5267802", "94f90871fcd314a458a3d4eca1c84448efbd200e86f55fe4c733c7a40149ef50"]
certifi = ["47f9c83ef4c0c621eaef743f133f09fa8a74a9b75f037e8624f83bd1b6626cb7", "993f830721089fef441cdfeb4b2c8c9df86f0c63239f06bd025a76a7daddb033"]
chardet = ["84ab92ed1c4d4f16916e05906b6b75a6c0fb5db821cc65e70cbd64a3e2a5eaae", "fc323ffcaeaed0e0a02bf4d117757b98aed530d9ed4531e3e15460124c106691"]
chatql = ["8b0e384a089e1d7369ab9ed27bf32982150e768c7e093398465cc876d9d23ecf", "e710d88327ff5446ae4c6f5ba6b0fa6e623b62b62e97462a77a53f0c9f66f893"]
click = ["2335065e6395b9e67ca716de5f7526736bfa6ceead690adf616d925bdc622b13", "5b94b49521f6456670fdb30cd82a4eca9412788a93fa6dd6df72c94d5a8ff2d7"]
flask = ["2271c0070dbcb5275fad4a82e29f23ab92682dc45f9dfbc22c02ba9b9322ce48", "a080b744b7e345ccfcbc77954861cb05b3c63786e93f2b3875e0913d44b43f05"]
future = ["67045236dcfd6816dc439556d009594abf643e5eb48992e36beac09c2ca659b8"]
graphene = ["b8ec446d17fa68721636eaad3d6adc1a378cb6323e219814c8f98c9928fc9642", "faa26573b598b22ffd274e2fd7a4c52efa405dcca96e01a62239482246248aa3"]
graphql-core = ["889e869be5574d02af77baf1f30b5db9ca2959f1c9f5be7b2863ead5a3ec6181", "9462e22e32c7f03b667373ec0a84d95fba10e8ce2ead08f29fbddc63b671b0c1"]
graphql-relay = ["2716b7245d97091af21abf096fabafac576905096d21ba7118fba722596f65db"]
idna = ["c357b3f628cf53ae2c4c05627ecc484553142ca23264e593d327bcde5e9c3407", "ea8b7f6188e6fa117537c3df7da9fc686d485087abf6ac197f9c46432f7e4a3c"]
itsdangerous = ["321b033d07f2a4136d3ec762eac9f16a10ccd60f53c0c91af90217ace7ba1f19", "b12271b2047cb23eeb98c8b5622e2e5c5e9abd9784a153e9d8ef9cb4dd09d749"]
jinja2 = ["74c935a1b8bb9a3947c50a54766a969d4846290e1e788ea44c1392163723c3bd", "f84be1bb0040caca4cea721fcbbbbd61f9be9464ca236387158b0feea01914a4"]
line-bot-sdk = ["054a2cc3beeccd0557e188c4c60be9bc92b031f724fdb6adc35e2bb31fbc7607", "cf2b4c0de6714d5b30e35f57db4d668bb234b2d309248e3160c9795ebc98b0fa"]
markupsafe = ["048ef924c1623740e70204aa7143ec592504045ae4429b59c30054cb31e3c432", "130f844e7f5bdd8e9f3f42e7102ef1d49b2e6fdf0d7526df3f87281a532d8c8b", "19f637c2ac5ae9da8bfd98cef74d64b7e1bb8a63038a3505cd182c3fac5eb4d9", "1b8a7a87ad1b92bd887568ce54b23565f3fd7018c4180136e1cf412b405a47af", "1c25694ca680b6919de53a4bb3bdd0602beafc63ff001fea2f2fc16ec3a11834", "1f19ef5d3908110e1e891deefb5586aae1b49a7440db952454b4e281b41620cd", "1fa6058938190ebe8290e5cae6c351e14e7bb44505c4a7624555ce57fbbeba0d", "31cbb1359e8c25f9f48e156e59e2eaad51cd5242c05ed18a8de6dbe85184e4b7", "3e835d8841ae7863f64e40e19477f7eb398674da6a47f09871673742531e6f4b", "4e97332c9ce444b0c2c38dd22ddc61c743eb208d916e4265a2a3b575bdccb1d3", "525396ee324ee2da82919f2ee9c9e73b012f23e7640131dd1b53a90206a0f09c", "52b07fbc32032c21ad4ab060fec137b76eb804c4b9a1c7c7dc562549306afad2", "52ccb45e77a1085ec5461cde794e1aa037df79f473cbc69b974e73940655c8d7", "5c3fbebd7de20ce93103cb3183b47671f2885307df4a17a0ad56a1dd51273d36", "5e5851969aea17660e55f6a3be00037a25b96a9b44d2083651812c99d53b14d1", "5edfa27b2d3eefa2210fb2f5d539fbed81722b49f083b2c6566455eb7422fd7e", "7d263e5770efddf465a9e31b78362d84d015cc894ca2c131901a4445eaa61ee1", "83381342bfc22b3c8c06f2dd93a505413888694302de25add756254beee8449c", "857eebb2c1dc60e4219ec8e98dfa19553dae33608237e107db9c6078b1167856", "98e439297f78fca3a6169fd330fbe88d78b3bb72f967ad9961bcac0d7fdd1550", "bf54103892a83c64db58125b3f2a43df6d2cb2d28889f14c78519394feb41492", "d9ac82be533394d341b41d78aca7ed0e0f4ba5a2231602e2f05aa87f25c51672", "e982fe07ede9fada6ff6705af70514a52beb1b2c3d25d4e873e82114cf3c5401", "edce2ea7f3dfc981c4ddc97add8a61381d9642dc3273737e756517cc03e84dd6", "efdc45ef1afc238db84cb4963aa689c0408912a0239b0721cb172b4016eb31d6", "f137c02498f8b935892d5c0172560d7ab54bc45039de8805075e19079c639a9c", "f82e347a72f955b7017a39708a3667f106e6ad4d10b25f237396a7115d8ed5fd", "fb7c206e01ad85ce57feeaaa0bf784b97fa3cad0d4a5737bc5295785f5c613a1"]
mongoengine = ["424edf66a5fadd5e22295b9c1b1604d96e7bd14273a0cbe281b5ddac2edb97e3", "ca4993f39df07dabbf7503d56c4eba67dbdac5d2ec83ccffe20d38d5d02c2d3b"]
promise = ["2ebbfc10b7abf6354403ed785fe4f04b9dfd421eb1a474ac8d187022228332af", "348f5f6c3edd4fd47c9cd65aed03ac1b31136d375aa63871a57d3e444c85655c"]
pymongo = ["025f94fc1e1364f00e50badc88c47f98af20012f23317234e51a11333ef986e6", "02aa7fb282606331aefbc0586e2cf540e9dbe5e343493295e7f390936ad2738e", "057210e831573e932702cf332012ed39da78edf0f02d24a3f0b213264a87a397", "0d946b79c56187fe139276d4c8ed612a27a616966c8b9779d6b79e2053587c8b", "104790893b928d310aae8a955e0bdbaa442fb0ac0a33d1bbb0741c791a407778", "15527ef218d95a8717486106553b0d54ff2641e795b65668754e17ab9ca6e381", "164d02c7b1b5e27bf1da581a334762cf66df4a105d7faf46910cfc104ed255e4", "1826527a0b032f6e20e7ac7f72d7c26dd476a5e5aa82c04aa1c7088a59fded7d", "22e3aa4ce1c3eebc7f70f9ca7fd4ce1ea33e8bdb7b61996806cd312f08f84a3a", "244e1101e9a48615b9a16cbd194f73c115fdfefc96894803158608115f703b26", "24b8c04fdb633a84829d03909752c385faef249c06114cc8d8e1700b95aae5c8", "2c276696350785d3104412cbe3ac70ab1e3a10c408e7b20599ee41403a3ed630", "2d8474dc833b1182b651b184ace997a7bd83de0f51244de988d3c30e49f07de3", "3119b57fe1d964781e91a53e81532c85ed1701baaddec592e22f6b77a9fdf3df", "3bee8e7e0709b0fcdaa498a3e513bde9ffc7cd09dbceb11e425bd91c89dbd5b6", "436c071e01a464753d30dbfc8768dd93aecf2a8e378e5314d130b95e77b4d612", "46635e3f19ad04d5a7d7cf23d232388ddbfccf46d9a3b7436b6abadda4e84813", "4772e0b679717e7ac4608d996f57b6f380748a919b457cb05bb941467b888b22", "4e2cd80e16f481a62c3175b607373200e714ed29025f21559ebf7524f295689f", "52732960efa0e003ca1c092dc0a3c65276e897681287a788a01ca78dda3b41f0", "55a7de51ec7d1731b2431886d0349146645f2816e5b8eb982d7c49f89472c9f3", "5f8ed5934197a2d4b2087646e98de3e099a237099dcf498b9e38dd3465f74ef4", "64b064124fcbc8eb04a155117dc4d9a336e3cda3f069958fbc44fe70c3c3d1e9", "65958b8e4319f992e85dad59d8081888b97fcdbde5f0d14bc28f2848b92d3ef1", "6be7f7302487c4d456ff8b58a1e31dd3e3c844189f5b892ef23310e0abf0db7b", "7683428862e20c6a790c19e64f8ccf487f613fbc83d47e3d532df9c81668d451", "78566d5570c75a127c2491e343dc006798a384f06be588fe9b0cbe5595711559", "7d1cb00c093dbf1d0b16ccf123e79dee3b82608e4a2a88947695f0460eef13ff", "8c74e2a9b594f7962c62cef7680a4cb92a96b4e6e3c2f970790da67cc0213a7e", "8e60aa7699170f55f4b0f56ee6f8415229777ac7e4b4b1aa41fc61eec08c1f1d", "90e40fbe59e3c223ac689b0537a5df1ab431c19741a2b42240b88cc672d083aa", "9447b561529576d89d3bf973e5241a88cf76e45bd101963f5236888713dea774", "970055bfeb0be373f2f5299a3db8432444bad3bc2f198753ee6c2a3a781e0959", "a6344b8542e584e140dc3c651d68bde51270e79490aa9320f9e708f9b2c39bd5", "ce309ca470d747b02ba6069d286a17b7df8e9c94d10d727d9cf3a64e51d85184", "cfbd86ed4c2b2ac71bbdbcea6669bf295def7152e3722ddd9dda94ac7981f33d", "d7929c513732dff093481f4a0954ed5ff16816365842136b17caa0b4992e49d3", "e21180042aaa9589471c27f0cc1e38868abeaa59f988877fa129f3b5efdf6bfb", "e98a9d2c590bc5a5e84f32430d2dc1fcc549d0a150a613bae6eadb5ef7c20465"]
requests = ["502a824f31acdacb3a35b6690b5fbf0bc41d63a24a45c4004352b0242707598e", "7bf2a778576d825600030a110f3c0e3e8edc51dfaafe1c146e39a2027784957b"]
rx = ["13a1d8d9e252625c173dc795471e614eadfe1cf40ffc684e08b8fff0d9748c23", "7357592bc7e881a95e0c2013b73326f704953301ab551fbc8133a6fadab84105"]
six = ["3350809f0555b11f552448330d0b52d5f24c91a322ea4a15ef22629740f3761c", "d16a0141ec1a18405cd4ce8b4613101da75da0e9a7aec5bdd4fa804d0e0eba73"]
urllib3 = ["61bf29cada3fc2fbefad4fdf059ea4bd1b4a86d2b6d15e1c7c0b582b9752fe39", "de9529817c93f27c8ccbfead6985011db27bd0ddfcdb2d86f3f663385c6a9c22"]
werkzeug = ["97660b282aa7e29f94f3fe378e5c7162d7ab9d601a8dbb1cbb2ffc8f0e54607d", "cfd1281b1748288e59762c0e174d64d8bcb2b70e7c57bc4a1203c8825af24ac3"]
